
Microsoft Visual Studio Solution File, Format Version 12.00
# Visual Studio 15
VisualStudioVersion = 15.0.28010.2003
MinimumVisualStudioVersion = 10.0.40219.1
Project("{FAE04EC0-301F-11D3-BF4B-00C04F79EFBC}") = "ATM", "ATM\ATM.csproj", "{A30847F7-FC65-45BF-9ED5-F6A8C8A74919}"
EndProject
Global
	GlobalSection(SolutionConfigurationPlatforms) = preSolution
		Debug|Any CPU = Debug|Any CPU
		Release|Any CPU = Release|Any CPU
	EndGlobalSection
	GlobalSection(ProjectConfigurationPlatforms) = postSolution
		{A30847F7-FC65-45BF-9ED5-F6A8C8A74919}.Debug|Any CPU.ActiveCfg = Debug|Any CPU
		{A30847F7-FC65-45BF-9ED5-F6A8C8A74919}.Debug|Any CPU.Build.0 = Debug|Any CPU
		{A30847F7-FC65-45BF-9ED5-F6A8C8A74919}.Release|Any CPU.ActiveCfg = Release|Any CPU
		{A30847F7-FC65-45BF-9ED5-F6A8C8A74919}.Release|Any CPU.Build.0 = Release|Any CPU
	EndGlobalSection
	GlobalSection(SolutionProperties) = preSolution
		HideSolutionNode = FALSE
	EndGlobalSection
	GlobalSection(ExtensibilityGlobals) = postSolution
		SolutionGuid = {3551A58D-D0E3-4CB5-9702-E51F75FB3CA8}
	EndGlobalSection
EndGlobal
