
Microsoft Visual Studio Solution File, Format Version 12.00
# Visual Studio 15
VisualStudioVersion = 15.0.28010.2003
MinimumVisualStudioVersion = 10.0.40219.1
Project("{FAE04EC0-301F-11D3-BF4B-00C04F79EFBC}") = "ATM", "ATM\ATM.csproj", "{A30847F7-FC65-45BF-9ED5-F6A8C8A74919}"
EndProject
Project("{FAE04EC0-301F-11D3-BF4B-00C04F79EFBC}") = "ATM.Unit.Test", "ATM.Unit.Test\ATM.Unit.Test.csproj", "{1C300AE0-23DD-4B60-AFD4-59B336A18365}"
EndProject
Project("{FAE04EC0-301F-11D3-BF4B-00C04F79EFBC}") = "ATM.App", "ATM.App\ATM.App.csproj", "{2C7B4AE6-DE38-4812-B8C5-B8A5DA2FAB22}"
EndProject
Project("{FAE04EC0-301F-11D3-BF4B-00C04F79EFBC}") = "ATM.Integration.Test", "ATM.Integration.Test\ATM.Integration.Test.csproj", "{D2B6D2AE-0803-4581-AB67-AEC69CE053C9}"
EndProject
Global
	GlobalSection(SolutionConfigurationPlatforms) = preSolution
		Debug|Any CPU = Debug|Any CPU
		Release|Any CPU = Release|Any CPU
	EndGlobalSection
	GlobalSection(ProjectConfigurationPlatforms) = postSolution
		{A30847F7-FC65-45BF-9ED5-F6A8C8A74919}.Debug|Any CPU.ActiveCfg = Debug|Any CPU
		{A30847F7-FC65-45BF-9ED5-F6A8C8A74919}.Debug|Any CPU.Build.0 = Debug|Any CPU
		{A30847F7-FC65-45BF-9ED5-F6A8C8A74919}.Release|Any CPU.ActiveCfg = Release|Any CPU
		{A30847F7-FC65-45BF-9ED5-F6A8C8A74919}.Release|Any CPU.Build.0 = Release|Any CPU
		{1C300AE0-23DD-4B60-AFD4-59B336A18365}.Debug|Any CPU.ActiveCfg = Debug|Any CPU
		{1C300AE0-23DD-4B60-AFD4-59B336A18365}.Debug|Any CPU.Build.0 = Debug|Any CPU
		{1C300AE0-23DD-4B60-AFD4-59B336A18365}.Release|Any CPU.ActiveCfg = Release|Any CPU
		{1C300AE0-23DD-4B60-AFD4-59B336A18365}.Release|Any CPU.Build.0 = Release|Any CPU
		{2C7B4AE6-DE38-4812-B8C5-B8A5DA2FAB22}.Debug|Any CPU.ActiveCfg = Debug|Any CPU
		{2C7B4AE6-DE38-4812-B8C5-B8A5DA2FAB22}.Debug|Any CPU.Build.0 = Debug|Any CPU
		{2C7B4AE6-DE38-4812-B8C5-B8A5DA2FAB22}.Release|Any CPU.ActiveCfg = Release|Any CPU
		{2C7B4AE6-DE38-4812-B8C5-B8A5DA2FAB22}.Release|Any CPU.Build.0 = Release|Any CPU
		{D2B6D2AE-0803-4581-AB67-AEC69CE053C9}.Debug|Any CPU.ActiveCfg = Debug|Any CPU
		{D2B6D2AE-0803-4581-AB67-AEC69CE053C9}.Debug|Any CPU.Build.0 = Debug|Any CPU
		{D2B6D2AE-0803-4581-AB67-AEC69CE053C9}.Release|Any CPU.ActiveCfg = Release|Any CPU
		{D2B6D2AE-0803-4581-AB67-AEC69CE053C9}.Release|Any CPU.Build.0 = Release|Any CPU
	EndGlobalSection
	GlobalSection(SolutionProperties) = preSolution
		HideSolutionNode = FALSE
	EndGlobalSection
	GlobalSection(ExtensibilityGlobals) = postSolution
		SolutionGuid = {3551A58D-D0E3-4CB5-9702-E51F75FB3CA8}
	EndGlobalSection
EndGlobal
